
Microsoft Visual Studio Solution File, Format Version 12.00
# Visual Studio Version 17
VisualStudioVersion = 17.4.33205.214
MinimumVisualStudioVersion = 10.0.40219.1
Project("{9A19103F-16F7-4668-BE54-9A1E7A4F7556}") = "SNQueue.Server", "SNQueue\Server\SNQueue.Server.csproj", "{745CFF7F-27FA-4E54-9834-05F8ABA33F8E}"
EndProject
Project("{9A19103F-16F7-4668-BE54-9A1E7A4F7556}") = "SNQueue.Client", "SNQueue\Client\SNQueue.Client.csproj", "{4AD5FA7B-27E3-435F-8697-C792D4B00E88}"
EndProject
Project("{9A19103F-16F7-4668-BE54-9A1E7A4F7556}") = "SNQueue.Shared", "SNQueue\Shared\SNQueue.Shared.csproj", "{F5503B3E-C7BC-4197-BB5D-C28D974A1914}"
EndProject
Project("{2150E333-8FDC-42A3-9474-1A3956D46DE8}") = "Solution Items", "Solution Items", "{B290BC79-D132-477B-A206-94C46233A4BD}"
	ProjectSection(SolutionItems) = preProject
		.editorconfig = .editorconfig
	EndProjectSection
EndProject
Global
	GlobalSection(SolutionConfigurationPlatforms) = preSolution
		Debug|Any CPU = Debug|Any CPU
		Release|Any CPU = Release|Any CPU
	EndGlobalSection
	GlobalSection(ProjectConfigurationPlatforms) = postSolution
		{745CFF7F-27FA-4E54-9834-05F8ABA33F8E}.Debug|Any CPU.ActiveCfg = Debug|Any CPU
		{745CFF7F-27FA-4E54-9834-05F8ABA33F8E}.Debug|Any CPU.Build.0 = Debug|Any CPU
		{745CFF7F-27FA-4E54-9834-05F8ABA33F8E}.Release|Any CPU.ActiveCfg = Release|Any CPU
		{745CFF7F-27FA-4E54-9834-05F8ABA33F8E}.Release|Any CPU.Build.0 = Release|Any CPU
		{4AD5FA7B-27E3-435F-8697-C792D4B00E88}.Debug|Any CPU.ActiveCfg = Debug|Any CPU
		{4AD5FA7B-27E3-435F-8697-C792D4B00E88}.Debug|Any CPU.Build.0 = Debug|Any CPU
		{4AD5FA7B-27E3-435F-8697-C792D4B00E88}.Release|Any CPU.ActiveCfg = Release|Any CPU
		{4AD5FA7B-27E3-435F-8697-C792D4B00E88}.Release|Any CPU.Build.0 = Release|Any CPU
		{F5503B3E-C7BC-4197-BB5D-C28D974A1914}.Debug|Any CPU.ActiveCfg = Debug|Any CPU
		{F5503B3E-C7BC-4197-BB5D-C28D974A1914}.Debug|Any CPU.Build.0 = Debug|Any CPU
		{F5503B3E-C7BC-4197-BB5D-C28D974A1914}.Release|Any CPU.ActiveCfg = Release|Any CPU
		{F5503B3E-C7BC-4197-BB5D-C28D974A1914}.Release|Any CPU.Build.0 = Release|Any CPU
	EndGlobalSection
	GlobalSection(SolutionProperties) = preSolution
		HideSolutionNode = FALSE
	EndGlobalSection
	GlobalSection(ExtensibilityGlobals) = postSolution
		SolutionGuid = {C147BB0A-65B0-496F-AD38-7692852DA0D7}
	EndGlobalSection
EndGlobal
